
Microsoft Visual Studio Solution File, Format Version 12.00
# Visual Studio Version 17
VisualStudioVersion = 17.5.33627.172
MinimumVisualStudioVersion = 10.0.40219.1
Project("{FAE04EC0-301F-11D3-BF4B-00C04F79EFBC}") = "AIDMOSBackend", "AIDMOSBackend\AIDMOSBackend.csproj", "{AB6D4823-0884-4F44-8AFB-FB4D588FB0B2}"
EndProject
Global
	GlobalSection(SolutionConfigurationPlatforms) = preSolution
		Debug|Any CPU = Debug|Any CPU
		Release|Any CPU = Release|Any CPU
	EndGlobalSection
	GlobalSection(ProjectConfigurationPlatforms) = postSolution
		{AB6D4823-0884-4F44-8AFB-FB4D588FB0B2}.Debug|Any CPU.ActiveCfg = Debug|Any CPU
		{AB6D4823-0884-4F44-8AFB-FB4D588FB0B2}.Debug|Any CPU.Build.0 = Debug|Any CPU
		{AB6D4823-0884-4F44-8AFB-FB4D588FB0B2}.Release|Any CPU.ActiveCfg = Release|Any CPU
		{AB6D4823-0884-4F44-8AFB-FB4D588FB0B2}.Release|Any CPU.Build.0 = Release|Any CPU
	EndGlobalSection
	GlobalSection(SolutionProperties) = preSolution
		HideSolutionNode = FALSE
	EndGlobalSection
	GlobalSection(ExtensibilityGlobals) = postSolution
		SolutionGuid = {6889D4EC-6000-40EE-9730-744187C22AFD}
	EndGlobalSection
EndGlobal
